
Microsoft Visual Studio Solution File, Format Version 12.00
# Visual Studio Version 16
VisualStudioVersion = 16.0.31624.102
MinimumVisualStudioVersion = 10.0.40219.1
Project("{FAE04EC0-301F-11D3-BF4B-00C04F79EFBC}") = "MyTetrisProj.UWP", "MyTetrisProj\MyTetrisProj.UWP\MyTetrisProj.UWP.csproj", "{0279A232-551B-4A6B-8359-4466B7ACF46E}"
EndProject
Project("{FAE04EC0-301F-11D3-BF4B-00C04F79EFBC}") = "MyTetrisProj.Android", "MyTetrisProj\MyTetrisProj.Android\MyTetrisProj.Android.csproj", "{BC23675B-B16C-4DFA-95DF-15EF810A3719}"
EndProject
Project("{FAE04EC0-301F-11D3-BF4B-00C04F79EFBC}") = "MyTetrisProj.iOS", "MyTetrisProj\MyTetrisProj.iOS\MyTetrisProj.iOS.csproj", "{8BF815A3-0732-42F7-99FA-9D8BC59109B1}"
EndProject
Project("{FAE04EC0-301F-11D3-BF4B-00C04F79EFBC}") = "MyTetrisProj", "MyTetrisProj\MyTetrisProj\MyTetrisProj.csproj", "{C6D8321F-03C9-4B12-AD3E-88904045D7DB}"
EndProject
Global
	GlobalSection(SolutionConfigurationPlatforms) = preSolution
		Debug|Any CPU = Debug|Any CPU
		Debug|ARM = Debug|ARM
		Debug|iPhone = Debug|iPhone
		Debug|iPhoneSimulator = Debug|iPhoneSimulator
		Debug|x64 = Debug|x64
		Debug|x86 = Debug|x86
		Release|Any CPU = Release|Any CPU
		Release|ARM = Release|ARM
		Release|iPhone = Release|iPhone
		Release|iPhoneSimulator = Release|iPhoneSimulator
		Release|x64 = Release|x64
		Release|x86 = Release|x86
	EndGlobalSection
	GlobalSection(ProjectConfigurationPlatforms) = postSolution
		{0279A232-551B-4A6B-8359-4466B7ACF46E}.Debug|Any CPU.ActiveCfg = Debug|x86
		{0279A232-551B-4A6B-8359-4466B7ACF46E}.Debug|Any CPU.Build.0 = Debug|x86
		{0279A232-551B-4A6B-8359-4466B7ACF46E}.Debug|Any CPU.Deploy.0 = Debug|x86
		{0279A232-551B-4A6B-8359-4466B7ACF46E}.Debug|ARM.ActiveCfg = Debug|ARM
		{0279A232-551B-4A6B-8359-4466B7ACF46E}.Debug|ARM.Build.0 = Debug|ARM
		{0279A232-551B-4A6B-8359-4466B7ACF46E}.Debug|ARM.Deploy.0 = Debug|ARM
		{0279A232-551B-4A6B-8359-4466B7ACF46E}.Debug|iPhone.ActiveCfg = Debug|x86
		{0279A232-551B-4A6B-8359-4466B7ACF46E}.Debug|iPhone.Build.0 = Debug|x86
		{0279A232-551B-4A6B-8359-4466B7ACF46E}.Debug|iPhone.Deploy.0 = Debug|x86
		{0279A232-551B-4A6B-8359-4466B7ACF46E}.Debug|iPhoneSimulator.ActiveCfg = Debug|x86
		{0279A232-551B-4A6B-8359-4466B7ACF46E}.Debug|iPhoneSimulator.Build.0 = Debug|x86
		{0279A232-551B-4A6B-8359-4466B7ACF46E}.Debug|iPhoneSimulator.Deploy.0 = Debug|x86
		{0279A232-551B-4A6B-8359-4466B7ACF46E}.Debug|x64.ActiveCfg = Debug|x64
		{0279A232-551B-4A6B-8359-4466B7ACF46E}.Debug|x64.Build.0 = Debug|x64
		{0279A232-551B-4A6B-8359-4466B7ACF46E}.Debug|x64.Deploy.0 = Debug|x64
		{0279A232-551B-4A6B-8359-4466B7ACF46E}.Debug|x86.ActiveCfg = Debug|x86
		{0279A232-551B-4A6B-8359-4466B7ACF46E}.Debug|x86.Build.0 = Debug|x86
		{0279A232-551B-4A6B-8359-4466B7ACF46E}.Debug|x86.Deploy.0 = Debug|x86
		{0279A232-551B-4A6B-8359-4466B7ACF46E}.Release|Any CPU.ActiveCfg = Release|x86
		{0279A232-551B-4A6B-8359-4466B7ACF46E}.Release|Any CPU.Build.0 = Release|x86
		{0279A232-551B-4A6B-8359-4466B7ACF46E}.Release|Any CPU.Deploy.0 = Release|x86
		{0279A232-551B-4A6B-8359-4466B7ACF46E}.Release|ARM.ActiveCfg = Release|ARM
		{0279A232-551B-4A6B-8359-4466B7ACF46E}.Release|ARM.Build.0 = Release|ARM
		{0279A232-551B-4A6B-8359-4466B7ACF46E}.Release|ARM.Deploy.0 = Release|ARM
		{0279A232-551B-4A6B-8359-4466B7ACF46E}.Release|iPhone.ActiveCfg = Release|x86
		{0279A232-551B-4A6B-8359-4466B7ACF46E}.Release|iPhone.Build.0 = Release|x86
		{0279A232-551B-4A6B-8359-4466B7ACF46E}.Release|iPhone.Deploy.0 = Release|x86
		{0279A232-551B-4A6B-8359-4466B7ACF46E}.Release|iPhoneSimulator.ActiveCfg = Release|x86
		{0279A232-551B-4A6B-8359-4466B7ACF46E}.Release|iPhoneSimulator.Build.0 = Release|x86
		{0279A232-551B-4A6B-8359-4466B7ACF46E}.Release|iPhoneSimulator.Deploy.0 = Release|x86
		{0279A232-551B-4A6B-8359-4466B7ACF46E}.Release|x64.ActiveCfg = Release|x64
		{0279A232-551B-4A6B-8359-4466B7ACF46E}.Release|x64.Build.0 = Release|x64
		{0279A232-551B-4A6B-8359-4466B7ACF46E}.Release|x64.Deploy.0 = Release|x64
		{0279A232-551B-4A6B-8359-4466B7ACF46E}.Release|x86.ActiveCfg = Release|x86
		{0279A232-551B-4A6B-8359-4466B7ACF46E}.Release|x86.Build.0 = Release|x86
		{0279A232-551B-4A6B-8359-4466B7ACF46E}.Release|x86.Deploy.0 = Release|x86
		{BC23675B-B16C-4DFA-95DF-15EF810A3719}.Debug|Any CPU.ActiveCfg = Debug|Any CPU
		{BC23675B-B16C-4DFA-95DF-15EF810A3719}.Debug|Any CPU.Build.0 = Debug|Any CPU
		{BC23675B-B16C-4DFA-95DF-15EF810A3719}.Debug|Any CPU.Deploy.0 = Debug|Any CPU
		{BC23675B-B16C-4DFA-95DF-15EF810A3719}.Debug|ARM.ActiveCfg = Debug|Any CPU
		{BC23675B-B16C-4DFA-95DF-15EF810A3719}.Debug|ARM.Build.0 = Debug|Any CPU
		{BC23675B-B16C-4DFA-95DF-15EF810A3719}.Debug|ARM.Deploy.0 = Debug|Any CPU
		{BC23675B-B16C-4DFA-95DF-15EF810A3719}.Debug|iPhone.ActiveCfg = Debug|Any CPU
		{BC23675B-B16C-4DFA-95DF-15EF810A3719}.Debug|iPhone.Build.0 = Debug|Any CPU
		{BC23675B-B16C-4DFA-95DF-15EF810A3719}.Debug|iPhone.Deploy.0 = Debug|Any CPU
		{BC23675B-B16C-4DFA-95DF-15EF810A3719}.Debug|iPhoneSimulator.ActiveCfg = Debug|Any CPU
		{BC23675B-B16C-4DFA-95DF-15EF810A3719}.Debug|iPhoneSimulator.Build.0 = Debug|Any CPU
		{BC23675B-B16C-4DFA-95DF-15EF810A3719}.Debug|iPhoneSimulator.Deploy.0 = Debug|Any CPU
		{BC23675B-B16C-4DFA-95DF-15EF810A3719}.Debug|x64.ActiveCfg = Debug|Any CPU
		{BC23675B-B16C-4DFA-95DF-15EF810A3719}.Debug|x64.Build.0 = Debug|Any CPU
		{BC23675B-B16C-4DFA-95DF-15EF810A3719}.Debug|x64.Deploy.0 = Debug|Any CPU
		{BC23675B-B16C-4DFA-95DF-15EF810A3719}.Debug|x86.ActiveCfg = Debug|Any CPU
		{BC23675B-B16C-4DFA-95DF-15EF810A3719}.Debug|x86.Build.0 = Debug|Any CPU
		{BC23675B-B16C-4DFA-95DF-15EF810A3719}.Debug|x86.Deploy.0 = Debug|Any CPU
		{BC23675B-B16C-4DFA-95DF-15EF810A3719}.Release|Any CPU.ActiveCfg = Release|Any CPU
		{BC23675B-B16C-4DFA-95DF-15EF810A3719}.Release|Any CPU.Build.0 = Release|Any CPU
		{BC23675B-B16C-4DFA-95DF-15EF810A3719}.Release|Any CPU.Deploy.0 = Release|Any CPU
		{BC23675B-B16C-4DFA-95DF-15EF810A3719}.Release|ARM.ActiveCfg = Release|Any CPU
		{BC23675B-B16C-4DFA-95DF-15EF810A3719}.Release|ARM.Build.0 = Release|Any CPU
		{BC23675B-B16C-4DFA-95DF-15EF810A3719}.Release|ARM.Deploy.0 = Release|Any CPU
		{BC23675B-B16C-4DFA-95DF-15EF810A3719}.Release|iPhone.ActiveCfg = Release|Any CPU
		{BC23675B-B16C-4DFA-95DF-15EF810A3719}.Release|iPhone.Build.0 = Release|Any CPU
		{BC23675B-B16C-4DFA-95DF-15EF810A3719}.Release|iPhone.Deploy.0 = Release|Any CPU
		{BC23675B-B16C-4DFA-95DF-15EF810A3719}.Release|iPhoneSimulator.ActiveCfg = Release|Any CPU
		{BC23675B-B16C-4DFA-95DF-15EF810A3719}.Release|iPhoneSimulator.Build.0 = Release|Any CPU
		{BC23675B-B16C-4DFA-95DF-15EF810A3719}.Release|iPhoneSimulator.Deploy.0 = Release|Any CPU
		{BC23675B-B16C-4DFA-95DF-15EF810A3719}.Release|x64.ActiveCfg = Release|Any CPU
		{BC23675B-B16C-4DFA-95DF-15EF810A3719}.Release|x64.Build.0 = Release|Any CPU
		{BC23675B-B16C-4DFA-95DF-15EF810A3719}.Release|x64.Deploy.0 = Release|Any CPU
		{BC23675B-B16C-4DFA-95DF-15EF810A3719}.Release|x86.ActiveCfg = Release|Any CPU
		{BC23675B-B16C-4DFA-95DF-15EF810A3719}.Release|x86.Build.0 = Release|Any CPU
		{BC23675B-B16C-4DFA-95DF-15EF810A3719}.Release|x86.Deploy.0 = Release|Any CPU
		{8BF815A3-0732-42F7-99FA-9D8BC59109B1}.Debug|Any CPU.ActiveCfg = Debug|iPhoneSimulator
		{8BF815A3-0732-42F7-99FA-9D8BC59109B1}.Debug|Any CPU.Build.0 = Debug|iPhoneSimulator
		{8BF815A3-0732-42F7-99FA-9D8BC59109B1}.Debug|Any CPU.Deploy.0 = Debug|iPhoneSimulator
		{8BF815A3-0732-42F7-99FA-9D8BC59109B1}.Debug|ARM.ActiveCfg = Debug|iPhone
		{8BF815A3-0732-42F7-99FA-9D8BC59109B1}.Debug|ARM.Build.0 = Debug|iPhone
		{8BF815A3-0732-42F7-99FA-9D8BC59109B1}.Debug|ARM.Deploy.0 = Debug|iPhone
		{8BF815A3-0732-42F7-99FA-9D8BC59109B1}.Debug|iPhone.ActiveCfg = Debug|iPhone
		{8BF815A3-0732-42F7-99FA-9D8BC59109B1}.Debug|iPhone.Build.0 = Debug|iPhone
		{8BF815A3-0732-42F7-99FA-9D8BC59109B1}.Debug|iPhone.Deploy.0 = Debug|iPhone
		{8BF815A3-0732-42F7-99FA-9D8BC59109B1}.Debug|iPhoneSimulator.ActiveCfg = Debug|iPhoneSimulator
		{8BF815A3-0732-42F7-99FA-9D8BC59109B1}.Debug|iPhoneSimulator.Build.0 = Debug|iPhoneSimulator
		{8BF815A3-0732-42F7-99FA-9D8BC59109B1}.Debug|iPhoneSimulator.Deploy.0 = Debug|iPhoneSimulator
		{8BF815A3-0732-42F7-99FA-9D8BC59109B1}.Debug|x64.ActiveCfg = Debug|iPhoneSimulator
		{8BF815A3-0732-42F7-99FA-9D8BC59109B1}.Debug|x64.Build.0 = Debug|iPhoneSimulator
		{8BF815A3-0732-42F7-99FA-9D8BC59109B1}.Debug|x64.Deploy.0 = Debug|iPhoneSimulator
		{8BF815A3-0732-42F7-99FA-9D8BC59109B1}.Debug|x86.ActiveCfg = Debug|iPhoneSimulator
		{8BF815A3-0732-42F7-99FA-9D8BC59109B1}.Debug|x86.Build.0 = Debug|iPhoneSimulator
		{8BF815A3-0732-42F7-99FA-9D8BC59109B1}.Debug|x86.Deploy.0 = Debug|iPhoneSimulator
		{8BF815A3-0732-42F7-99FA-9D8BC59109B1}.Release|Any CPU.ActiveCfg = Release|iPhoneSimulator
		{8BF815A3-0732-42F7-99FA-9D8BC59109B1}.Release|Any CPU.Build.0 = Release|iPhoneSimulator
		{8BF815A3-0732-42F7-99FA-9D8BC59109B1}.Release|Any CPU.Deploy.0 = Release|iPhoneSimulator
		{8BF815A3-0732-42F7-99FA-9D8BC59109B1}.Release|ARM.ActiveCfg = Release|iPhoneSimulator
		{8BF815A3-0732-42F7-99FA-9D8BC59109B1}.Release|ARM.Build.0 = Release|iPhoneSimulator
		{8BF815A3-0732-42F7-99FA-9D8BC59109B1}.Release|ARM.Deploy.0 = Release|iPhoneSimulator
		{8BF815A3-0732-42F7-99FA-9D8BC59109B1}.Release|iPhone.ActiveCfg = Release|iPhone
		{8BF815A3-0732-42F7-99FA-9D8BC59109B1}.Release|iPhone.Build.0 = Release|iPhone
		{8BF815A3-0732-42F7-99FA-9D8BC59109B1}.Release|iPhone.Deploy.0 = Release|iPhone
		{8BF815A3-0732-42F7-99FA-9D8BC59109B1}.Release|iPhoneSimulator.ActiveCfg = Release|iPhoneSimulator
		{8BF815A3-0732-42F7-99FA-9D8BC59109B1}.Release|iPhoneSimulator.Build.0 = Release|iPhoneSimulator
		{8BF815A3-0732-42F7-99FA-9D8BC59109B1}.Release|iPhoneSimulator.Deploy.0 = Release|iPhoneSimulator
		{8BF815A3-0732-42F7-99FA-9D8BC59109B1}.Release|x64.ActiveCfg = Release|iPhoneSimulator
		{8BF815A3-0732-42F7-99FA-9D8BC59109B1}.Release|x64.Build.0 = Release|iPhoneSimulator
		{8BF815A3-0732-42F7-99FA-9D8BC59109B1}.Release|x64.Deploy.0 = Release|iPhoneSimulator
		{8BF815A3-0732-42F7-99FA-9D8BC59109B1}.Release|x86.ActiveCfg = Release|iPhoneSimulator
		{8BF815A3-0732-42F7-99FA-9D8BC59109B1}.Release|x86.Build.0 = Release|iPhoneSimulator
		{8BF815A3-0732-42F7-99FA-9D8BC59109B1}.Release|x86.Deploy.0 = Release|iPhoneSimulator
		{C6D8321F-03C9-4B12-AD3E-88904045D7DB}.Debug|Any CPU.ActiveCfg = Debug|Any CPU
		{C6D8321F-03C9-4B12-AD3E-88904045D7DB}.Debug|Any CPU.Build.0 = Debug|Any CPU
		{C6D8321F-03C9-4B12-AD3E-88904045D7DB}.Debug|Any CPU.Deploy.0 = Debug|Any CPU
		{C6D8321F-03C9-4B12-AD3E-88904045D7DB}.Debug|ARM.ActiveCfg = Debug|Any CPU
		{C6D8321F-03C9-4B12-AD3E-88904045D7DB}.Debug|ARM.Build.0 = Debug|Any CPU
		{C6D8321F-03C9-4B12-AD3E-88904045D7DB}.Debug|ARM.Deploy.0 = Debug|Any CPU
		{C6D8321F-03C9-4B12-AD3E-88904045D7DB}.Debug|iPhone.ActiveCfg = Debug|Any CPU
		{C6D8321F-03C9-4B12-AD3E-88904045D7DB}.Debug|iPhone.Build.0 = Debug|Any CPU
		{C6D8321F-03C9-4B12-AD3E-88904045D7DB}.Debug|iPhone.Deploy.0 = Debug|Any CPU
		{C6D8321F-03C9-4B12-AD3E-88904045D7DB}.Debug|iPhoneSimulator.ActiveCfg = Debug|Any CPU
		{C6D8321F-03C9-4B12-AD3E-88904045D7DB}.Debug|iPhoneSimulator.Build.0 = Debug|Any CPU
		{C6D8321F-03C9-4B12-AD3E-88904045D7DB}.Debug|iPhoneSimulator.Deploy.0 = Debug|Any CPU
		{C6D8321F-03C9-4B12-AD3E-88904045D7DB}.Debug|x64.ActiveCfg = Debug|Any CPU
		{C6D8321F-03C9-4B12-AD3E-88904045D7DB}.Debug|x64.Build.0 = Debug|Any CPU
		{C6D8321F-03C9-4B12-AD3E-88904045D7DB}.Debug|x64.Deploy.0 = Debug|Any CPU
		{C6D8321F-03C9-4B12-AD3E-88904045D7DB}.Debug|x86.ActiveCfg = Debug|Any CPU
		{C6D8321F-03C9-4B12-AD3E-88904045D7DB}.Debug|x86.Build.0 = Debug|Any CPU
		{C6D8321F-03C9-4B12-AD3E-88904045D7DB}.Debug|x86.Deploy.0 = Debug|Any CPU
		{C6D8321F-03C9-4B12-AD3E-88904045D7DB}.Release|Any CPU.ActiveCfg = Release|Any CPU
		{C6D8321F-03C9-4B12-AD3E-88904045D7DB}.Release|Any CPU.Build.0 = Release|Any CPU
		{C6D8321F-03C9-4B12-AD3E-88904045D7DB}.Release|Any CPU.Deploy.0 = Release|Any CPU
		{C6D8321F-03C9-4B12-AD3E-88904045D7DB}.Release|ARM.ActiveCfg = Release|Any CPU
		{C6D8321F-03C9-4B12-AD3E-88904045D7DB}.Release|ARM.Build.0 = Release|Any CPU
		{C6D8321F-03C9-4B12-AD3E-88904045D7DB}.Release|ARM.Deploy.0 = Release|Any CPU
		{C6D8321F-03C9-4B12-AD3E-88904045D7DB}.Release|iPhone.ActiveCfg = Release|Any CPU
		{C6D8321F-03C9-4B12-AD3E-88904045D7DB}.Release|iPhone.Build.0 = Release|Any CPU
		{C6D8321F-03C9-4B12-AD3E-88904045D7DB}.Release|iPhone.Deploy.0 = Release|Any CPU
		{C6D8321F-03C9-4B12-AD3E-88904045D7DB}.Release|iPhoneSimulator.ActiveCfg = Release|Any CPU
		{C6D8321F-03C9-4B12-AD3E-88904045D7DB}.Release|iPhoneSimulator.Build.0 = Release|Any CPU
		{C6D8321F-03C9-4B12-AD3E-88904045D7DB}.Release|iPhoneSimulator.Deploy.0 = Release|Any CPU
		{C6D8321F-03C9-4B12-AD3E-88904045D7DB}.Release|x64.ActiveCfg = Release|Any CPU
		{C6D8321F-03C9-4B12-AD3E-88904045D7DB}.Release|x64.Build.0 = Release|Any CPU
		{C6D8321F-03C9-4B12-AD3E-88904045D7DB}.Release|x64.Deploy.0 = Release|Any CPU
		{C6D8321F-03C9-4B12-AD3E-88904045D7DB}.Release|x86.ActiveCfg = Release|Any CPU
		{C6D8321F-03C9-4B12-AD3E-88904045D7DB}.Release|x86.Build.0 = Release|Any CPU
		{C6D8321F-03C9-4B12-AD3E-88904045D7DB}.Release|x86.Deploy.0 = Release|Any CPU
	EndGlobalSection
	GlobalSection(SolutionProperties) = preSolution
		HideSolutionNode = FALSE
	EndGlobalSection
	GlobalSection(ExtensibilityGlobals) = postSolution
		SolutionGuid = {6CCF0348-E89E-4578-8D8B-F24FE9C83A37}
	EndGlobalSection
EndGlobal
